
Microsoft Visual Studio Solution File, Format Version 12.00
# Visual Studio Version 17
VisualStudioVersion = 17.2.32526.322
MinimumVisualStudioVersion = 10.0.40219.1
Project("{FAE04EC0-301F-11D3-BF4B-00C04F79EFBC}") = "VetCare", "VetCare\VetCare.csproj", "{B77ABD94-5278-43FE-B296-F7D8EA262E18}"
EndProject
Global
	GlobalSection(SolutionConfigurationPlatforms) = preSolution
		Debug|Any CPU = Debug|Any CPU
		Release|Any CPU = Release|Any CPU
	EndGlobalSection
	GlobalSection(ProjectConfigurationPlatforms) = postSolution
		{B77ABD94-5278-43FE-B296-F7D8EA262E18}.Debug|Any CPU.ActiveCfg = Debug|Any CPU
		{B77ABD94-5278-43FE-B296-F7D8EA262E18}.Debug|Any CPU.Build.0 = Debug|Any CPU
		{B77ABD94-5278-43FE-B296-F7D8EA262E18}.Release|Any CPU.ActiveCfg = Release|Any CPU
		{B77ABD94-5278-43FE-B296-F7D8EA262E18}.Release|Any CPU.Build.0 = Release|Any CPU
	EndGlobalSection
	GlobalSection(SolutionProperties) = preSolution
		HideSolutionNode = FALSE
	EndGlobalSection
	GlobalSection(ExtensibilityGlobals) = postSolution
		SolutionGuid = {8E7FFDCB-1288-4B5F-AE06-E78D41AAD06D}
	EndGlobalSection
EndGlobal
